
Microsoft Visual Studio Solution File, Format Version 12.00
# Visual Studio Version 16
VisualStudioVersion = 16.0.31702.278
MinimumVisualStudioVersion = 10.0.40219.1
Project("{FAE04EC0-301F-11D3-BF4B-00C04F79EFBC}") = "2BLesson1", "2BLesson1\2BLesson1.csproj", "{A6FBE52E-1967-497C-B1C9-71A9846B623D}"
EndProject
Project("{FAE04EC0-301F-11D3-BF4B-00C04F79EFBC}") = "2BLesson1_T2", "2BLesson1_T2\2BLesson1_T2.csproj", "{FD2370CA-9366-46BD-BCF0-2E80FD0484C9}"
EndProject
Project("{FAE04EC0-301F-11D3-BF4B-00C04F79EFBC}") = "3BLesson1_T3", "3BLesson1_T3\3BLesson1_T3.csproj", "{4EF376BD-EA6D-40F1-B7AE-110A466E0B4D}"
EndProject
Global
	GlobalSection(SolutionConfigurationPlatforms) = preSolution
		Debug|Any CPU = Debug|Any CPU
		Release|Any CPU = Release|Any CPU
	EndGlobalSection
	GlobalSection(ProjectConfigurationPlatforms) = postSolution
		{A6FBE52E-1967-497C-B1C9-71A9846B623D}.Debug|Any CPU.ActiveCfg = Debug|Any CPU
		{A6FBE52E-1967-497C-B1C9-71A9846B623D}.Debug|Any CPU.Build.0 = Debug|Any CPU
		{A6FBE52E-1967-497C-B1C9-71A9846B623D}.Release|Any CPU.ActiveCfg = Release|Any CPU
		{A6FBE52E-1967-497C-B1C9-71A9846B623D}.Release|Any CPU.Build.0 = Release|Any CPU
		{FD2370CA-9366-46BD-BCF0-2E80FD0484C9}.Debug|Any CPU.ActiveCfg = Debug|Any CPU
		{FD2370CA-9366-46BD-BCF0-2E80FD0484C9}.Debug|Any CPU.Build.0 = Debug|Any CPU
		{FD2370CA-9366-46BD-BCF0-2E80FD0484C9}.Release|Any CPU.ActiveCfg = Release|Any CPU
		{FD2370CA-9366-46BD-BCF0-2E80FD0484C9}.Release|Any CPU.Build.0 = Release|Any CPU
		{4EF376BD-EA6D-40F1-B7AE-110A466E0B4D}.Debug|Any CPU.ActiveCfg = Debug|Any CPU
		{4EF376BD-EA6D-40F1-B7AE-110A466E0B4D}.Debug|Any CPU.Build.0 = Debug|Any CPU
		{4EF376BD-EA6D-40F1-B7AE-110A466E0B4D}.Release|Any CPU.ActiveCfg = Release|Any CPU
		{4EF376BD-EA6D-40F1-B7AE-110A466E0B4D}.Release|Any CPU.Build.0 = Release|Any CPU
	EndGlobalSection
	GlobalSection(SolutionProperties) = preSolution
		HideSolutionNode = FALSE
	EndGlobalSection
	GlobalSection(ExtensibilityGlobals) = postSolution
		SolutionGuid = {6A2AD06B-5C1A-4DCD-B8B1-91844374BA9D}
	EndGlobalSection
EndGlobal
