
Microsoft Visual Studio Solution File, Format Version 12.00
# Visual Studio Version 16
VisualStudioVersion = 16.0.31702.278
MinimumVisualStudioVersion = 10.0.40219.1
Project("{FAE04EC0-301F-11D3-BF4B-00C04F79EFBC}") = "2B_Lesson 5", "2B_Lesson 5\2B_Lesson 5.csproj", "{E0402BD4-FFDD-48BF-B905-1BBC94EF305E}"
EndProject
Global
	GlobalSection(SolutionConfigurationPlatforms) = preSolution
		Debug|Any CPU = Debug|Any CPU
		Release|Any CPU = Release|Any CPU
	EndGlobalSection
	GlobalSection(ProjectConfigurationPlatforms) = postSolution
		{E0402BD4-FFDD-48BF-B905-1BBC94EF305E}.Debug|Any CPU.ActiveCfg = Debug|Any CPU
		{E0402BD4-FFDD-48BF-B905-1BBC94EF305E}.Debug|Any CPU.Build.0 = Debug|Any CPU
		{E0402BD4-FFDD-48BF-B905-1BBC94EF305E}.Release|Any CPU.ActiveCfg = Release|Any CPU
		{E0402BD4-FFDD-48BF-B905-1BBC94EF305E}.Release|Any CPU.Build.0 = Release|Any CPU
	EndGlobalSection
	GlobalSection(SolutionProperties) = preSolution
		HideSolutionNode = FALSE
	EndGlobalSection
	GlobalSection(ExtensibilityGlobals) = postSolution
		SolutionGuid = {D0CD215D-BD34-468D-BF45-D7C7656C4A31}
	EndGlobalSection
EndGlobal
